
Microsoft Visual Studio Solution File, Format Version 12.00
# Visual Studio Version 16
VisualStudioVersion = 16.0.31729.503
MinimumVisualStudioVersion = 10.0.40219.1
Project("{FAE04EC0-301F-11D3-BF4B-00C04F79EFBC}") = "leave-management2", "leave-management2\leave-management2.csproj", "{1686BB43-5350-4863-B880-C746C232A48A}"
EndProject
Global
	GlobalSection(SolutionConfigurationPlatforms) = preSolution
		Debug|Any CPU = Debug|Any CPU
		Release|Any CPU = Release|Any CPU
	EndGlobalSection
	GlobalSection(ProjectConfigurationPlatforms) = postSolution
		{1686BB43-5350-4863-B880-C746C232A48A}.Debug|Any CPU.ActiveCfg = Debug|Any CPU
		{1686BB43-5350-4863-B880-C746C232A48A}.Debug|Any CPU.Build.0 = Debug|Any CPU
		{1686BB43-5350-4863-B880-C746C232A48A}.Release|Any CPU.ActiveCfg = Release|Any CPU
		{1686BB43-5350-4863-B880-C746C232A48A}.Release|Any CPU.Build.0 = Release|Any CPU
	EndGlobalSection
	GlobalSection(SolutionProperties) = preSolution
		HideSolutionNode = FALSE
	EndGlobalSection
	GlobalSection(ExtensibilityGlobals) = postSolution
		SolutionGuid = {62458663-DA69-4729-92ED-94523334D857}
	EndGlobalSection
EndGlobal
